
Microsoft Visual Studio Solution File, Format Version 12.00
# Visual Studio Version 17
VisualStudioVersion = 17.3.32811.315
MinimumVisualStudioVersion = 10.0.40219.1
Project("{FAE04EC0-301F-11D3-BF4B-00C04F79EFBC}") = "JavaScript", "JavaScript\JavaScript.csproj", "{63AA8521-731C-4586-9140-A8651BE1506D}"
EndProject
Global
	GlobalSection(SolutionConfigurationPlatforms) = preSolution
		Debug|Any CPU = Debug|Any CPU
		Release|Any CPU = Release|Any CPU
	EndGlobalSection
	GlobalSection(ProjectConfigurationPlatforms) = postSolution
		{63AA8521-731C-4586-9140-A8651BE1506D}.Debug|Any CPU.ActiveCfg = Debug|Any CPU
		{63AA8521-731C-4586-9140-A8651BE1506D}.Debug|Any CPU.Build.0 = Debug|Any CPU
		{63AA8521-731C-4586-9140-A8651BE1506D}.Release|Any CPU.ActiveCfg = Release|Any CPU
		{63AA8521-731C-4586-9140-A8651BE1506D}.Release|Any CPU.Build.0 = Release|Any CPU
	EndGlobalSection
	GlobalSection(SolutionProperties) = preSolution
		HideSolutionNode = FALSE
	EndGlobalSection
	GlobalSection(ExtensibilityGlobals) = postSolution
		SolutionGuid = {45F38721-E34E-4AED-834F-A5E560A47947}
	EndGlobalSection
EndGlobal
